// !$*UTF8*$!
{
	archiveVersion = 1;
	classes = {
	};
	objectVersion = 50;
	objects = {

/* Begin PBXBuildFile section */
		162B8586B9770ADC8C234996 /* libPods-SwitcherKitDemo.a in Frameworks */ = {isa = PBXBuildFile; fileRef = E0A553B57BABE2F520B70ECA /* libPods-SwitcherKitDemo.a */; };
		6D75BE592296CDD80003E3A9 /* DemoViewController.swift in Sources */ = {isa = PBXBuildFile; fileRef = 6D75BE532296CDD70003E3A9 /* DemoViewController.swift */; };
		6D75BE5C2296CDD80003E3A9 /* AppDelegate.swift in Sources */ = {isa = PBXBuildFile; fileRef = 6D75BE572296CDD70003E3A9 /* AppDelegate.swift */; };
		6D75BE5F2296D5F70003E3A9 /* Assets.xcassets in Resources */ = {isa = PBXBuildFile; fileRef = 6D75BE542296CDD70003E3A9 /* Assets.xcassets */; };
		6D75BE602296D6000003E3A9 /* LaunchScreen.storyboard in Resources */ = {isa = PBXBuildFile; fileRef = 6D75BE552296CDD70003E3A9 /* LaunchScreen.storyboard */; };
/* End PBXBuildFile section */

/* Begin PBXContainerItemProxy section */
		0443965122900114005654AD /* PBXContainerItemProxy */ = {
			isa = PBXContainerItemProxy;
			containerPortal = 0443963422900111005654AD /* Project object */;
			proxyType = 1;
			remoteGlobalIDString = 0443963B22900111005654AD;
			remoteInfo = SwitcherKit;
		};
/* End PBXContainerItemProxy section */

/* Begin PBXFileReference section */
		0443963C22900111005654AD /* SwitcherKitDemo.app */ = {isa = PBXFileReference; explicitFileType = wrapper.application; includeInIndex = 0; path = SwitcherKitDemo.app; sourceTree = BUILT_PRODUCTS_DIR; };
		0443965022900114005654AD /* SwitcherKitTests.xctest */ = {isa = PBXFileReference; explicitFileType = wrapper.cfbundle; includeInIndex = 0; path = SwitcherKitTests.xctest; sourceTree = BUILT_PRODUCTS_DIR; };
		04E49DA527165CDB00D5B20D /* Podfile */ = {isa = PBXFileReference; fileEncoding = 4; lastKnownFileType = text; path = Podfile; sourceTree = SOURCE_ROOT; xcLanguageSpecificationIdentifier = xcode.lang.ruby; };
		04E49DA927165EF100D5B20D /* .gitignore */ = {isa = PBXFileReference; lastKnownFileType = text; name = .gitignore; path = ../../.gitignore; sourceTree = "<group>"; };
		079772E68AED3F293BEA439F /* Pods-SwitcherKitDemo.debug.xcconfig */ = {isa = PBXFileReference; includeInIndex = 1; lastKnownFileType = text.xcconfig; name = "Pods-SwitcherKitDemo.debug.xcconfig"; path = "Target Support Files/Pods-SwitcherKitDemo/Pods-SwitcherKitDemo.debug.xcconfig"; sourceTree = "<group>"; };
		6D75BE532296CDD70003E3A9 /* DemoViewController.swift */ = {isa = PBXFileReference; fileEncoding = 4; lastKnownFileType = sourcecode.swift; path = DemoViewController.swift; sourceTree = "<group>"; };
		6D75BE542296CDD70003E3A9 /* Assets.xcassets */ = {isa = PBXFileReference; lastKnownFileType = folder.assetcatalog; path = Assets.xcassets; sourceTree = "<group>"; };
		6D75BE562296CDD70003E3A9 /* Base */ = {isa = PBXFileReference; lastKnownFileType = file.storyboard; name = Base; path = Base.lproj/LaunchScreen.storyboard; sourceTree = "<group>"; };
		6D75BE572296CDD70003E3A9 /* AppDelegate.swift */ = {isa = PBXFileReference; fileEncoding = 4; lastKnownFileType = sourcecode.swift; path = AppDelegate.swift; sourceTree = "<group>"; };
		6D75BE582296CDD70003E3A9 /* Info.plist */ = {isa = PBXFileReference; fileEncoding = 4; lastKnownFileType = text.plist.xml; path = Info.plist; sourceTree = "<group>"; };
		79EBE5705D8316E150B056A7 /* Pods-SwitcherKitDemo.release.xcconfig */ = {isa = PBXFileReference; includeInIndex = 1; lastKnownFileType = text.xcconfig; name = "Pods-SwitcherKitDemo.release.xcconfig"; path = "Target Support Files/Pods-SwitcherKitDemo/Pods-SwitcherKitDemo.release.xcconfig"; sourceTree = "<group>"; };
		E0A553B57BABE2F520B70ECA /* libPods-SwitcherKitDemo.a */ = {isa = PBXFileReference; explicitFileType = archive.ar; includeInIndex = 0; path = "libPods-SwitcherKitDemo.a"; sourceTree = BUILT_PRODUCTS_DIR; };
/* End PBXFileReference section */

/* Begin PBXFrameworksBuildPhase section */
		0443963922900111005654AD /* Frameworks */ = {
			isa = PBXFrameworksBuildPhase;
			buildActionMask = 2147483647;
			files = (
				162B8586B9770ADC8C234996 /* libPods-SwitcherKitDemo.a in Frameworks */,
			);
			runOnlyForDeploymentPostprocessing = 0;
		};
		0443964D22900114005654AD /* Frameworks */ = {
			isa = PBXFrameworksBuildPhase;
			buildActionMask = 2147483647;
			files = (
			);
			runOnlyForDeploymentPostprocessing = 0;
		};
/* End PBXFrameworksBuildPhase section */

/* Begin PBXGroup section */
		0443963322900111005654AD = {
			isa = PBXGroup;
			children = (
				6D75BE522296CDD70003E3A9 /* SwitcherKitDemo */,
				0443963D22900111005654AD /* Products */,
				2441E42F56E92DEA2DD205FA /* Pods */,
				BEB7083528CB9D4AD21DFD27 /* Frameworks */,
			);
			sourceTree = "<group>";
		};
		0443963D22900111005654AD /* Products */ = {
			isa = PBXGroup;
			children = (
				0443963C22900111005654AD /* SwitcherKitDemo.app */,
				0443965022900114005654AD /* SwitcherKitTests.xctest */,
			);
			name = Products;
			sourceTree = "<group>";
		};
		2441E42F56E92DEA2DD205FA /* Pods */ = {
			isa = PBXGroup;
			children = (
				079772E68AED3F293BEA439F /* Pods-SwitcherKitDemo.debug.xcconfig */,
				79EBE5705D8316E150B056A7 /* Pods-SwitcherKitDemo.release.xcconfig */,
			);
			path = Pods;
			sourceTree = "<group>";
		};
		6D5E4A232296D72D00CA33D5 /* Source */ = {
			isa = PBXGroup;
			children = (
				6D75BE572296CDD70003E3A9 /* AppDelegate.swift */,
				6D75BE532296CDD70003E3A9 /* DemoViewController.swift */,
			);
			path = Source;
			sourceTree = "<group>";
		};
		6D75BE522296CDD70003E3A9 /* SwitcherKitDemo */ = {
			isa = PBXGroup;
			children = (
				04E49DA927165EF100D5B20D /* .gitignore */,
				04E49DA527165CDB00D5B20D /* Podfile */,
				6D75BE5E2296D18B0003E3A9 /* Resources */,
				6D5E4A232296D72D00CA33D5 /* Source */,
			);
			path = SwitcherKitDemo;
			sourceTree = "<group>";
		};
		6D75BE5E2296D18B0003E3A9 /* Resources */ = {
			isa = PBXGroup;
			children = (
				6D75BE542296CDD70003E3A9 /* Assets.xcassets */,
				6D75BE582296CDD70003E3A9 /* Info.plist */,
				6D75BE552296CDD70003E3A9 /* LaunchScreen.storyboard */,
			);
			path = Resources;
			sourceTree = "<group>";
		};
		BEB7083528CB9D4AD21DFD27 /* Frameworks */ = {
			isa = PBXGroup;
			children = (
				E0A553B57BABE2F520B70ECA /* libPods-SwitcherKitDemo.a */,
			);
			name = Frameworks;
			sourceTree = "<group>";
		};
/* End PBXGroup section */

/* Begin PBXNativeTarget section */
		0443963B22900111005654AD /* SwitcherKitDemo */ = {
			isa = PBXNativeTarget;
			buildConfigurationList = 0443965922900114005654AD /* Build configuration list for PBXNativeTarget "SwitcherKitDemo" */;
			buildPhases = (
				634CB620AF9BF30594FC4A7A /* [CP] Check Pods Manifest.lock */,
				0443963822900111005654AD /* Sources */,
				0443963922900111005654AD /* Frameworks */,
				0443963A22900111005654AD /* Resources */,
			);
			buildRules = (
			);
			dependencies = (
			);
			name = SwitcherKitDemo;
			productName = SwitcherKit;
			productReference = 0443963C22900111005654AD /* SwitcherKitDemo.app */;
			productType = "com.apple.product-type.application";
		};
		0443964F22900114005654AD /* SwitcherKitTests */ = {
			isa = PBXNativeTarget;
			buildConfigurationList = 0443965C22900114005654AD /* Build configuration list for PBXNativeTarget "SwitcherKitTests" */;
			buildPhases = (
				0443964C22900114005654AD /* Sources */,
				0443964D22900114005654AD /* Frameworks */,
				0443964E22900114005654AD /* Resources */,
			);
			buildRules = (
			);
			dependencies = (
				0443965222900114005654AD /* PBXTargetDependency */,
			);
			name = SwitcherKitTests;
			productName = SwitcherKitTests;
			productReference = 0443965022900114005654AD /* SwitcherKitTests.xctest */;
			productType = "com.apple.product-type.bundle.unit-test";
		};
/* End PBXNativeTarget section */

/* Begin PBXProject section */
		0443963422900111005654AD /* Project object */ = {
			isa = PBXProject;
			attributes = {
				LastSwiftUpdateCheck = 1010;
				LastUpgradeCheck = 1300;
				ORGANIZATIONNAME = "Victor Marcias";
				TargetAttributes = {
					0443963B22900111005654AD = {
						CreatedOnToolsVersion = 10.1;
					};
					0443964F22900114005654AD = {
						CreatedOnToolsVersion = 10.1;
						LastSwiftMigration = 1010;
						TestTargetID = 0443963B22900111005654AD;
					};
				};
			};
			buildConfigurationList = 0443963722900111005654AD /* Build configuration list for PBXProject "SwitcherKitDemo" */;
			compatibilityVersion = "Xcode 9.3";
			developmentRegion = en;
			hasScannedForEncodings = 0;
			knownRegions = (
				en,
				Base,
			);
			mainGroup = 0443963322900111005654AD;
			productRefGroup = 0443963D22900111005654AD /* Products */;
			projectDirPath = "";
			projectRoot = "";
			targets = (
				0443963B22900111005654AD /* SwitcherKitDemo */,
				0443964F22900114005654AD /* SwitcherKitTests */,
			);
		};
/* End PBXProject section */

/* Begin PBXResourcesBuildPhase section */
		0443963A22900111005654AD /* Resources */ = {
			isa = PBXResourcesBuildPhase;
			buildActionMask = 2147483647;
			files = (
				6D75BE5F2296D5F70003E3A9 /* Assets.xcassets in Resources */,
				6D75BE602296D6000003E3A9 /* LaunchScreen.storyboard in Resources */,
			);
			runOnlyForDeploymentPostprocessing = 0;
		};
		0443964E22900114005654AD /* Resources */ = {
			isa = PBXResourcesBuildPhase;
			buildActionMask = 2147483647;
			files = (
			);
			runOnlyForDeploymentPostprocessing = 0;
		};
/* End PBXResourcesBuildPhase section */

/* Begin PBXShellScriptBuildPhase section */
		634CB620AF9BF30594FC4A7A /* [CP] Check Pods Manifest.lock */ = {
			isa = PBXShellScriptBuildPhase;
			buildActionMask = 2147483647;
			files = (
			);
			inputFileListPaths = (
			);
			inputPaths = (
				"${PODS_PODFILE_DIR_PATH}/Podfile.lock",
				"${PODS_ROOT}/Manifest.lock",
			);
			name = "[CP] Check Pods Manifest.lock";
			outputFileListPaths = (
			);
			outputPaths = (
				"$(DERIVED_FILE_DIR)/Pods-SwitcherKitDemo-checkManifestLockResult.txt",
			);
			runOnlyForDeploymentPostprocessing = 0;
			shellPath = /bin/sh;
			shellScript = "diff \"${PODS_PODFILE_DIR_PATH}/Podfile.lock\" \"${PODS_ROOT}/Manifest.lock\" > /dev/null\nif [ $? != 0 ] ; then\n    # print error to STDERR\n    echo \"error: The sandbox is not in sync with the Podfile.lock. Run 'pod install' or update your CocoaPods installation.\" >&2\n    exit 1\nfi\n# This output is used by Xcode 'outputs' to avoid re-running this script phase.\necho \"SUCCESS\" > \"${SCRIPT_OUTPUT_FILE_0}\"\n";
			showEnvVarsInLog = 0;
		};
/* End PBXShellScriptBuildPhase section */

/* Begin PBXSourcesBuildPhase section */
		0443963822900111005654AD /* Sources */ = {
			isa = PBXSourcesBuildPhase;
			buildActionMask = 2147483647;
			files = (
				6D75BE5C2296CDD80003E3A9 /* AppDelegate.swift in Sources */,
				6D75BE592296CDD80003E3A9 /* DemoViewController.swift in Sources */,
			);
			runOnlyForDeploymentPostprocessing = 0;
		};
		0443964C22900114005654AD /* Sources */ = {
			isa = PBXSourcesBuildPhase;
			buildActionMask = 2147483647;
			files = (
			);
			runOnlyForDeploymentPostprocessing = 0;
		};
/* End PBXSourcesBuildPhase section */

/* Begin PBXTargetDependency section */
		0443965222900114005654AD /* PBXTargetDependency */ = {
			isa = PBXTargetDependency;
			target = 0443963B22900111005654AD /* SwitcherKitDemo */;
			targetProxy = 0443965122900114005654AD /* PBXContainerItemProxy */;
		};
/* End PBXTargetDependency section */

/* Begin PBXVariantGroup section */
		6D75BE552296CDD70003E3A9 /* LaunchScreen.storyboard */ = {
			isa = PBXVariantGroup;
			children = (
				6D75BE562296CDD70003E3A9 /* Base */,
			);
			name = LaunchScreen.storyboard;
			sourceTree = "<group>";
		};
/* End PBXVariantGroup section */

/* Begin XCBuildConfiguration section */
		0443965722900114005654AD /* Debug */ = {
			isa = XCBuildConfiguration;
			buildSettings = {
				ALWAYS_SEARCH_USER_PATHS = NO;
				CLANG_ANALYZER_NONNULL = YES;
				CLANG_ANALYZER_NUMBER_OBJECT_CONVERSION = YES_AGGRESSIVE;
				CLANG_CXX_LANGUAGE_STANDARD = "gnu++14";
				CLANG_CXX_LIBRARY = "libc++";
				CLANG_ENABLE_MODULES = YES;
				CLANG_ENABLE_OBJC_ARC = YES;
				CLANG_ENABLE_OBJC_WEAK = YES;
				CLANG_WARN_BLOCK_CAPTURE_AUTORELEASING = YES;
				CLANG_WARN_BOOL_CONVERSION = YES;
				CLANG_WARN_COMMA = YES;
				CLANG_WARN_CONSTANT_CONVERSION = YES;
				CLANG_WARN_DEPRECATED_OBJC_IMPLEMENTATIONS = YES;
				CLANG_WARN_DIRECT_OBJC_ISA_USAGE = YES_ERROR;
				CLANG_WARN_DOCUMENTATION_COMMENTS = YES;
				CLANG_WARN_EMPTY_BODY = YES;
				CLANG_WARN_ENUM_CONVERSION = YES;
				CLANG_WARN_INFINITE_RECURSION = YES;
				CLANG_WARN_INT_CONVERSION = YES;
				CLANG_WARN_NON_LITERAL_NULL_CONVERSION = YES;
				CLANG_WARN_OBJC_IMPLICIT_RETAIN_SELF = YES;
				CLANG_WARN_OBJC_LITERAL_CONVERSION = YES;
				CLANG_WARN_OBJC_ROOT_CLASS = YES_ERROR;
				CLANG_WARN_QUOTED_INCLUDE_IN_FRAMEWORK_HEADER = YES;
				CLANG_WARN_RANGE_LOOP_ANALYSIS = YES;
				CLANG_WARN_STRICT_PROTOTYPES = YES;
				CLANG_WARN_SUSPICIOUS_MOVE = YES;
				CLANG_WARN_UNGUARDED_AVAILABILITY = YES_AGGRESSIVE;
				CLANG_WARN_UNREACHABLE_CODE = YES;
				CLANG_WARN__DUPLICATE_METHOD_MATCH = YES;
				CODE_SIGN_IDENTITY = "iPhone Developer";
				COPY_PHASE_STRIP = NO;
				DEBUG_INFORMATION_FORMAT = dwarf;
				ENABLE_STRICT_OBJC_MSGSEND = YES;
				ENABLE_TESTABILITY = YES;
				GCC_C_LANGUAGE_STANDARD = gnu11;
				GCC_DYNAMIC_NO_PIC = NO;
				GCC_NO_COMMON_BLOCKS = YES;
				GCC_OPTIMIZATION_LEVEL = 0;
				GCC_PREPROCESSOR_DEFINITIONS = (
					"DEBUG=1",
					"$(inherited)",
				);
				GCC_WARN_64_TO_32_BIT_CONVERSION = YES;
				GCC_WARN_ABOUT_RETURN_TYPE = YES_ERROR;
				GCC_WARN_UNDECLARED_SELECTOR = YES;
				GCC_WARN_UNINITIALIZED_AUTOS = YES_AGGRESSIVE;
				GCC_WARN_UNUSED_FUNCTION = YES;
				GCC_WARN_UNUSED_VARIABLE = YES;
				IPHONEOS_DEPLOYMENT_TARGET = 12.0;
				MTL_ENABLE_DEBUG_INFO = INCLUDE_SOURCE;
				MTL_FAST_MATH = YES;
				ONLY_ACTIVE_ARCH = YES;
				SDKROOT = iphoneos;
				SWIFT_ACTIVE_COMPILATION_CONDITIONS = DEBUG;
				SWIFT_OPTIMIZATION_LEVEL = "-Onone";
			};
			name = Debug;
		};
		0443965822900114005654AD /* Release */ = {
			isa = XCBuildConfiguration;
			buildSettings = {
				ALWAYS_SEARCH_USER_PATHS = NO;
				CLANG_ANALYZER_NONNULL = YES;
				CLANG_ANALYZER_NUMBER_OBJECT_CONVERSION = YES_AGGRESSIVE;
				CLANG_CXX_LANGUAGE_STANDARD = "gnu++14";
				CLANG_CXX_LIBRARY = "libc++";
				CLANG_ENABLE_MODULES = YES;
				CLANG_ENABLE_OBJC_ARC = YES;
				CLANG_ENABLE_OBJC_WEAK = YES;
				CLANG_WARN_BLOCK_CAPTURE_AUTORELEASING = YES;
				CLANG_WARN_BOOL_CONVERSION = YES;
				CLANG_WARN_COMMA = YES;
				CLANG_WARN_CONSTANT_CONVERSION = YES;
				CLANG_WARN_DEPRECATED_OBJC_IMPLEMENTATIONS = YES;
				CLANG_WARN_DIRECT_OBJC_ISA_USAGE = YES_ERROR;
				CLANG_WARN_DOCUMENTATION_COMMENTS = YES;
				CLANG_WARN_EMPTY_BODY = YES;
				CLANG_WARN_ENUM_CONVERSION = YES;
				CLANG_WARN_INFINITE_RECURSION = YES;
				CLANG_WARN_INT_CONVERSION = YES;
				CLANG_WARN_NON_LITERAL_NULL_CONVERSION = YES;
				CLANG_WARN_OBJC_IMPLICIT_RETAIN_SELF = YES;
				CLANG_WARN_OBJC_LITERAL_CONVERSION = YES;
				CLANG_WARN_OBJC_ROOT_CLASS = YES_ERROR;
				CLANG_WARN_QUOTED_INCLUDE_IN_FRAMEWORK_HEADER = YES;
				CLANG_WARN_RANGE_LOOP_ANALYSIS = YES;
				CLANG_WARN_STRICT_PROTOTYPES = YES;
				CLANG_WARN_SUSPICIOUS_MOVE = YES;
				CLANG_WARN_UNGUARDED_AVAILABILITY = YES_AGGRESSIVE;
				CLANG_WARN_UNREACHABLE_CODE = YES;
				CLANG_WARN__DUPLICATE_METHOD_MATCH = YES;
				CODE_SIGN_IDENTITY = "iPhone Developer";
				COPY_PHASE_STRIP = NO;
				DEBUG_INFORMATION_FORMAT = "dwarf-with-dsym";
				ENABLE_NS_ASSERTIONS = NO;
				ENABLE_STRICT_OBJC_MSGSEND = YES;
				GCC_C_LANGUAGE_STANDARD = gnu11;
				GCC_NO_COMMON_BLOCKS = YES;
				GCC_WARN_64_TO_32_BIT_CONVERSION = YES;
				GCC_WARN_ABOUT_RETURN_TYPE = YES_ERROR;
				GCC_WARN_UNDECLARED_SELECTOR = YES;
				GCC_WARN_UNINITIALIZED_AUTOS = YES_AGGRESSIVE;
				GCC_WARN_UNUSED_FUNCTION = YES;
				GCC_WARN_UNUSED_VARIABLE = YES;
				IPHONEOS_DEPLOYMENT_TARGET = 12.0;
				MTL_ENABLE_DEBUG_INFO = NO;
				MTL_FAST_MATH = YES;
				SDKROOT = iphoneos;
				SWIFT_COMPILATION_MODE = wholemodule;
				SWIFT_OPTIMIZATION_LEVEL = "-O";
				VALIDATE_PRODUCT = YES;
			};
			name = Release;
		};
		0443965A22900114005654AD /* Debug */ = {
			isa = XCBuildConfiguration;
			baseConfigurationReference = 079772E68AED3F293BEA439F /* Pods-SwitcherKitDemo.debug.xcconfig */;
			buildSettings = {
				ASSETCATALOG_COMPILER_APPICON_NAME = AppIcon;
				CODE_SIGN_STYLE = Manual;
				DEVELOPMENT_TEAM = "";
				INFOPLIST_FILE = SwitcherKitDemo/Resources/Info.plist;
				IPHONEOS_DEPLOYMENT_TARGET = 12.0;
				LD_RUNPATH_SEARCH_PATHS = (
					"$(inherited)",
					"@executable_path/Frameworks",
				);
				PRODUCT_BUNDLE_IDENTIFIER = com.victormarcias.SwitcherKitDemo;
				PRODUCT_NAME = "$(TARGET_NAME)";
				PROVISIONING_PROFILE_SPECIFIER = "";
				SWIFT_VERSION = 5.0;
				TARGETED_DEVICE_FAMILY = "1,2";
			};
			name = Debug;
		};
		0443965B22900114005654AD /* Release */ = {
			isa = XCBuildConfiguration;
			baseConfigurationReference = 79EBE5705D8316E150B056A7 /* Pods-SwitcherKitDemo.release.xcconfig */;
			buildSettings = {
				ASSETCATALOG_COMPILER_APPICON_NAME = AppIcon;
				CODE_SIGN_STYLE = Manual;
				DEVELOPMENT_TEAM = "";
				INFOPLIST_FILE = SwitcherKitDemo/Resources/Info.plist;
				IPHONEOS_DEPLOYMENT_TARGET = 12.0;
				LD_RUNPATH_SEARCH_PATHS = (
					"$(inherited)",
					"@executable_path/Frameworks",
				);
				PRODUCT_BUNDLE_IDENTIFIER = com.victormarcias.SwitcherKitDemo;
				PRODUCT_NAME = "$(TARGET_NAME)";
				PROVISIONING_PROFILE_SPECIFIER = "";
				SWIFT_VERSION = 5.0;
				TARGETED_DEVICE_FAMILY = "1,2";
			};
			name = Release;
		};
		0443965D22900114005654AD /* Debug */ = {
			isa = XCBuildConfiguration;
			buildSettings = {
				ALWAYS_EMBED_SWIFT_STANDARD_LIBRARIES = YES;
				CLANG_ENABLE_MODULES = YES;
				CODE_SIGN_STYLE = Manual;
				DEVELOPMENT_TEAM = "";
				INFOPLIST_FILE = SwitcherKitTests/Info.plist;
				LD_RUNPATH_SEARCH_PATHS = (
					"$(inherited)",
					"@executable_path/Frameworks",
					"@loader_path/Frameworks",
				);
				PRODUCT_BUNDLE_IDENTIFIER = com.victormarcias.SwitcherKitTests;
				PRODUCT_NAME = "$(TARGET_NAME)";
				PROVISIONING_PROFILE_SPECIFIER = "";
				SWIFT_OPTIMIZATION_LEVEL = "-Onone";
				TARGETED_DEVICE_FAMILY = "1,2";
			};
			name = Debug;
		};
		0443965E22900114005654AD /* Release */ = {
			isa = XCBuildConfiguration;
			buildSettings = {
				ALWAYS_EMBED_SWIFT_STANDARD_LIBRARIES = YES;
				CLANG_ENABLE_MODULES = YES;
				CODE_SIGN_STYLE = Manual;
				DEVELOPMENT_TEAM = "";
				INFOPLIST_FILE = SwitcherKitTests/Info.plist;
				LD_RUNPATH_SEARCH_PATHS = (
					"$(inherited)",
					"@executable_path/Frameworks",
					"@loader_path/Frameworks",
				);
				PRODUCT_BUNDLE_IDENTIFIER = com.victormarcias.SwitcherKitTests;
				PRODUCT_NAME = "$(TARGET_NAME)";
				PROVISIONING_PROFILE_SPECIFIER = "";
				TARGETED_DEVICE_FAMILY = "1,2";
			};
			name = Release;
		};
/* End XCBuildConfiguration section */

/* Begin XCConfigurationList section */
		0443963722900111005654AD /* Build configuration list for PBXProject "SwitcherKitDemo" */ = {
			isa = XCConfigurationList;
			buildConfigurations = (
				0443965722900114005654AD /* Debug */,
				0443965822900114005654AD /* Release */,
			);
			defaultConfigurationIsVisible = 0;
			defaultConfigurationName = Release;
		};
		0443965922900114005654AD /* Build configuration list for PBXNativeTarget "SwitcherKitDemo" */ = {
			isa = XCConfigurationList;
			buildConfigurations = (
				0443965A22900114005654AD /* Debug */,
				0443965B22900114005654AD /* Release */,
			);
			defaultConfigurationIsVisible = 0;
			defaultConfigurationName = Release;
		};
		0443965C22900114005654AD /* Build configuration list for PBXNativeTarget "SwitcherKitTests" */ = {
			isa = XCConfigurationList;
			buildConfigurations = (
				0443965D22900114005654AD /* Debug */,
				0443965E22900114005654AD /* Release */,
			);
			defaultConfigurationIsVisible = 0;
			defaultConfigurationName = Release;
		};
/* End XCConfigurationList section */
	};
	rootObject = 0443963422900111005654AD /* Project object */;
}
