// !$*UTF8*$!
{
	archiveVersion = 1;
	classes = {
	};
	objectVersion = 50;
	objects = {

/* Begin PBXBuildFile section */
		0425E1A12290053700D0667C /* BaseSwitchable.swift in Sources */ = {isa = PBXBuildFile; fileRef = 0425E1A02290053700D0667C /* BaseSwitchable.swift */; };
		0425E1A32290160600D0667C /* OSSwitchable.swift in Sources */ = {isa = PBXBuildFile; fileRef = 0425E1A22290160600D0667C /* OSSwitchable.swift */; };
		0425E1A42290160600D0667C /* OSSwitchable.swift in Sources */ = {isa = PBXBuildFile; fileRef = 0425E1A22290160600D0667C /* OSSwitchable.swift */; };
		0425E1A5229016C400D0667C /* BaseSwitchable.swift in Sources */ = {isa = PBXBuildFile; fileRef = 0425E1A02290053700D0667C /* BaseSwitchable.swift */; };
		0443964022900111005654AD /* AppDelegate.swift in Sources */ = {isa = PBXBuildFile; fileRef = 0443963F22900111005654AD /* AppDelegate.swift */; };
		0443964222900111005654AD /* ViewController.swift in Sources */ = {isa = PBXBuildFile; fileRef = 0443964122900111005654AD /* ViewController.swift */; };
		0443964722900114005654AD /* Assets.xcassets in Resources */ = {isa = PBXBuildFile; fileRef = 0443964622900114005654AD /* Assets.xcassets */; };
		0443964A22900114005654AD /* LaunchScreen.storyboard in Resources */ = {isa = PBXBuildFile; fileRef = 0443964822900114005654AD /* LaunchScreen.storyboard */; };
/* End PBXBuildFile section */

/* Begin PBXContainerItemProxy section */
		0443965122900114005654AD /* PBXContainerItemProxy */ = {
			isa = PBXContainerItemProxy;
			containerPortal = 0443963422900111005654AD /* Project object */;
			proxyType = 1;
			remoteGlobalIDString = 0443963B22900111005654AD;
			remoteInfo = SwitcherKit;
		};
/* End PBXContainerItemProxy section */

/* Begin PBXFileReference section */
		0425E1A02290053700D0667C /* BaseSwitchable.swift */ = {isa = PBXFileReference; lastKnownFileType = sourcecode.swift; path = BaseSwitchable.swift; sourceTree = "<group>"; };
		0425E1A22290160600D0667C /* OSSwitchable.swift */ = {isa = PBXFileReference; lastKnownFileType = sourcecode.swift; path = OSSwitchable.swift; sourceTree = "<group>"; };
		0443963C22900111005654AD /* SwitcherKit.app */ = {isa = PBXFileReference; explicitFileType = wrapper.application; includeInIndex = 0; path = SwitcherKit.app; sourceTree = BUILT_PRODUCTS_DIR; };
		0443963F22900111005654AD /* AppDelegate.swift */ = {isa = PBXFileReference; lastKnownFileType = sourcecode.swift; path = AppDelegate.swift; sourceTree = "<group>"; };
		0443964122900111005654AD /* ViewController.swift */ = {isa = PBXFileReference; lastKnownFileType = sourcecode.swift; path = ViewController.swift; sourceTree = "<group>"; };
		0443964622900114005654AD /* Assets.xcassets */ = {isa = PBXFileReference; lastKnownFileType = folder.assetcatalog; path = Assets.xcassets; sourceTree = "<group>"; };
		0443964922900114005654AD /* Base */ = {isa = PBXFileReference; lastKnownFileType = file.storyboard; name = Base; path = Base.lproj/LaunchScreen.storyboard; sourceTree = "<group>"; };
		0443964B22900114005654AD /* Info.plist */ = {isa = PBXFileReference; lastKnownFileType = text.plist.xml; path = Info.plist; sourceTree = "<group>"; };
		0443965022900114005654AD /* SwitcherKitTests.xctest */ = {isa = PBXFileReference; explicitFileType = wrapper.cfbundle; includeInIndex = 0; path = SwitcherKitTests.xctest; sourceTree = BUILT_PRODUCTS_DIR; };
		0443965622900114005654AD /* Info.plist */ = {isa = PBXFileReference; lastKnownFileType = text.plist.xml; path = Info.plist; sourceTree = "<group>"; };
/* End PBXFileReference section */

/* Begin PBXFrameworksBuildPhase section */
		0443963922900111005654AD /* Frameworks */ = {
			isa = PBXFrameworksBuildPhase;
			buildActionMask = 2147483647;
			files = (
			);
			runOnlyForDeploymentPostprocessing = 0;
		};
		0443964D22900114005654AD /* Frameworks */ = {
			isa = PBXFrameworksBuildPhase;
			buildActionMask = 2147483647;
			files = (
			);
			runOnlyForDeploymentPostprocessing = 0;
		};
/* End PBXFrameworksBuildPhase section */

/* Begin PBXGroup section */
		0425E19E2290036500D0667C /* SwitcherKit */ = {
			isa = PBXGroup;
			children = (
				0425E19F2290036500D0667C /* Source */,
			);
			path = SwitcherKit;
			sourceTree = "<group>";
		};
		0425E19F2290036500D0667C /* Source */ = {
			isa = PBXGroup;
			children = (
				0425E1A02290053700D0667C /* BaseSwitchable.swift */,
				0425E1A22290160600D0667C /* OSSwitchable.swift */,
			);
			path = Source;
			sourceTree = "<group>";
		};
		0443963322900111005654AD = {
			isa = PBXGroup;
			children = (
				0443963D22900111005654AD /* Products */,
				0425E19E2290036500D0667C /* SwitcherKit */,
				0443963E22900111005654AD /* SwitcherKitDemo */,
				0443965322900114005654AD /* SwitcherKitTests */,
			);
			sourceTree = "<group>";
		};
		0443963D22900111005654AD /* Products */ = {
			isa = PBXGroup;
			children = (
				0443963C22900111005654AD /* SwitcherKit.app */,
				0443965022900114005654AD /* SwitcherKitTests.xctest */,
			);
			name = Products;
			sourceTree = "<group>";
		};
		0443963E22900111005654AD /* SwitcherKitDemo */ = {
			isa = PBXGroup;
			children = (
				0443963F22900111005654AD /* AppDelegate.swift */,
				0443964122900111005654AD /* ViewController.swift */,
				0443964622900114005654AD /* Assets.xcassets */,
				0443964822900114005654AD /* LaunchScreen.storyboard */,
				0443964B22900114005654AD /* Info.plist */,
			);
			path = SwitcherKitDemo;
			sourceTree = "<group>";
		};
		0443965322900114005654AD /* SwitcherKitTests */ = {
			isa = PBXGroup;
			children = (
				0443965622900114005654AD /* Info.plist */,
			);
			path = SwitcherKitTests;
			sourceTree = "<group>";
		};
/* End PBXGroup section */

/* Begin PBXNativeTarget section */
		0443963B22900111005654AD /* SwitcherKit */ = {
			isa = PBXNativeTarget;
			buildConfigurationList = 0443965922900114005654AD /* Build configuration list for PBXNativeTarget "SwitcherKit" */;
			buildPhases = (
				0443963822900111005654AD /* Sources */,
				0443963922900111005654AD /* Frameworks */,
				0443963A22900111005654AD /* Resources */,
			);
			buildRules = (
			);
			dependencies = (
			);
			name = SwitcherKit;
			productName = SwitcherKit;
			productReference = 0443963C22900111005654AD /* SwitcherKit.app */;
			productType = "com.apple.product-type.application";
		};
		0443964F22900114005654AD /* SwitcherKitTests */ = {
			isa = PBXNativeTarget;
			buildConfigurationList = 0443965C22900114005654AD /* Build configuration list for PBXNativeTarget "SwitcherKitTests" */;
			buildPhases = (
				0443964C22900114005654AD /* Sources */,
				0443964D22900114005654AD /* Frameworks */,
				0443964E22900114005654AD /* Resources */,
			);
			buildRules = (
			);
			dependencies = (
				0443965222900114005654AD /* PBXTargetDependency */,
			);
			name = SwitcherKitTests;
			productName = SwitcherKitTests;
			productReference = 0443965022900114005654AD /* SwitcherKitTests.xctest */;
			productType = "com.apple.product-type.bundle.unit-test";
		};
/* End PBXNativeTarget section */

/* Begin PBXProject section */
		0443963422900111005654AD /* Project object */ = {
			isa = PBXProject;
			attributes = {
				LastSwiftUpdateCheck = 1010;
				LastUpgradeCheck = 1010;
				ORGANIZATIONNAME = "Victor Marcias";
				TargetAttributes = {
					0443963B22900111005654AD = {
						CreatedOnToolsVersion = 10.1;
					};
					0443964F22900114005654AD = {
						CreatedOnToolsVersion = 10.1;
						LastSwiftMigration = 1010;
						TestTargetID = 0443963B22900111005654AD;
					};
				};
			};
			buildConfigurationList = 0443963722900111005654AD /* Build configuration list for PBXProject "SwitcherKit" */;
			compatibilityVersion = "Xcode 9.3";
			developmentRegion = en;
			hasScannedForEncodings = 0;
			knownRegions = (
				en,
				Base,
			);
			mainGroup = 0443963322900111005654AD;
			productRefGroup = 0443963D22900111005654AD /* Products */;
			projectDirPath = "";
			projectRoot = "";
			targets = (
				0443963B22900111005654AD /* SwitcherKit */,
				0443964F22900114005654AD /* SwitcherKitTests */,
			);
		};
/* End PBXProject section */

/* Begin PBXResourcesBuildPhase section */
		0443963A22900111005654AD /* Resources */ = {
			isa = PBXResourcesBuildPhase;
			buildActionMask = 2147483647;
			files = (
				0443964A22900114005654AD /* LaunchScreen.storyboard in Resources */,
				0443964722900114005654AD /* Assets.xcassets in Resources */,
			);
			runOnlyForDeploymentPostprocessing = 0;
		};
		0443964E22900114005654AD /* Resources */ = {
			isa = PBXResourcesBuildPhase;
			buildActionMask = 2147483647;
			files = (
			);
			runOnlyForDeploymentPostprocessing = 0;
		};
/* End PBXResourcesBuildPhase section */

/* Begin PBXSourcesBuildPhase section */
		0443963822900111005654AD /* Sources */ = {
			isa = PBXSourcesBuildPhase;
			buildActionMask = 2147483647;
			files = (
				0443964222900111005654AD /* ViewController.swift in Sources */,
				0425E1A32290160600D0667C /* OSSwitchable.swift in Sources */,
				0443964022900111005654AD /* AppDelegate.swift in Sources */,
				0425E1A12290053700D0667C /* BaseSwitchable.swift in Sources */,
			);
			runOnlyForDeploymentPostprocessing = 0;
		};
		0443964C22900114005654AD /* Sources */ = {
			isa = PBXSourcesBuildPhase;
			buildActionMask = 2147483647;
			files = (
				0425E1A5229016C400D0667C /* BaseSwitchable.swift in Sources */,
				0425E1A42290160600D0667C /* OSSwitchable.swift in Sources */,
			);
			runOnlyForDeploymentPostprocessing = 0;
		};
/* End PBXSourcesBuildPhase section */

/* Begin PBXTargetDependency section */
		0443965222900114005654AD /* PBXTargetDependency */ = {
			isa = PBXTargetDependency;
			target = 0443963B22900111005654AD /* SwitcherKit */;
			targetProxy = 0443965122900114005654AD /* PBXContainerItemProxy */;
		};
/* End PBXTargetDependency section */

/* Begin PBXVariantGroup section */
		0443964822900114005654AD /* LaunchScreen.storyboard */ = {
			isa = PBXVariantGroup;
			children = (
				0443964922900114005654AD /* Base */,
			);
			name = LaunchScreen.storyboard;
			sourceTree = "<group>";
		};
/* End PBXVariantGroup section */

/* Begin XCBuildConfiguration section */
		0443965722900114005654AD /* Debug */ = {
			isa = XCBuildConfiguration;
			buildSettings = {
				ALWAYS_SEARCH_USER_PATHS = NO;
				CLANG_ANALYZER_NONNULL = YES;
				CLANG_ANALYZER_NUMBER_OBJECT_CONVERSION = YES_AGGRESSIVE;
				CLANG_CXX_LANGUAGE_STANDARD = "gnu++14";
				CLANG_CXX_LIBRARY = "libc++";
				CLANG_ENABLE_MODULES = YES;
				CLANG_ENABLE_OBJC_ARC = YES;
				CLANG_ENABLE_OBJC_WEAK = YES;
				CLANG_WARN_BLOCK_CAPTURE_AUTORELEASING = YES;
				CLANG_WARN_BOOL_CONVERSION = YES;
				CLANG_WARN_COMMA = YES;
				CLANG_WARN_CONSTANT_CONVERSION = YES;
				CLANG_WARN_DEPRECATED_OBJC_IMPLEMENTATIONS = YES;
				CLANG_WARN_DIRECT_OBJC_ISA_USAGE = YES_ERROR;
				CLANG_WARN_DOCUMENTATION_COMMENTS = YES;
				CLANG_WARN_EMPTY_BODY = YES;
				CLANG_WARN_ENUM_CONVERSION = YES;
				CLANG_WARN_INFINITE_RECURSION = YES;
				CLANG_WARN_INT_CONVERSION = YES;
				CLANG_WARN_NON_LITERAL_NULL_CONVERSION = YES;
				CLANG_WARN_OBJC_IMPLICIT_RETAIN_SELF = YES;
				CLANG_WARN_OBJC_LITERAL_CONVERSION = YES;
				CLANG_WARN_OBJC_ROOT_CLASS = YES_ERROR;
				CLANG_WARN_RANGE_LOOP_ANALYSIS = YES;
				CLANG_WARN_STRICT_PROTOTYPES = YES;
				CLANG_WARN_SUSPICIOUS_MOVE = YES;
				CLANG_WARN_UNGUARDED_AVAILABILITY = YES_AGGRESSIVE;
				CLANG_WARN_UNREACHABLE_CODE = YES;
				CLANG_WARN__DUPLICATE_METHOD_MATCH = YES;
				CODE_SIGN_IDENTITY = "iPhone Developer";
				COPY_PHASE_STRIP = NO;
				DEBUG_INFORMATION_FORMAT = dwarf;
				ENABLE_STRICT_OBJC_MSGSEND = YES;
				ENABLE_TESTABILITY = YES;
				GCC_C_LANGUAGE_STANDARD = gnu11;
				GCC_DYNAMIC_NO_PIC = NO;
				GCC_NO_COMMON_BLOCKS = YES;
				GCC_OPTIMIZATION_LEVEL = 0;
				GCC_PREPROCESSOR_DEFINITIONS = (
					"DEBUG=1",
					"$(inherited)",
				);
				GCC_WARN_64_TO_32_BIT_CONVERSION = YES;
				GCC_WARN_ABOUT_RETURN_TYPE = YES_ERROR;
				GCC_WARN_UNDECLARED_SELECTOR = YES;
				GCC_WARN_UNINITIALIZED_AUTOS = YES_AGGRESSIVE;
				GCC_WARN_UNUSED_FUNCTION = YES;
				GCC_WARN_UNUSED_VARIABLE = YES;
				IPHONEOS_DEPLOYMENT_TARGET = 12.1;
				MTL_ENABLE_DEBUG_INFO = INCLUDE_SOURCE;
				MTL_FAST_MATH = YES;
				ONLY_ACTIVE_ARCH = YES;
				SDKROOT = iphoneos;
				SWIFT_ACTIVE_COMPILATION_CONDITIONS = DEBUG;
				SWIFT_OPTIMIZATION_LEVEL = "-Onone";
			};
			name = Debug;
		};
		0443965822900114005654AD /* Release */ = {
			isa = XCBuildConfiguration;
			buildSettings = {
				ALWAYS_SEARCH_USER_PATHS = NO;
				CLANG_ANALYZER_NONNULL = YES;
				CLANG_ANALYZER_NUMBER_OBJECT_CONVERSION = YES_AGGRESSIVE;
				CLANG_CXX_LANGUAGE_STANDARD = "gnu++14";
				CLANG_CXX_LIBRARY = "libc++";
				CLANG_ENABLE_MODULES = YES;
				CLANG_ENABLE_OBJC_ARC = YES;
				CLANG_ENABLE_OBJC_WEAK = YES;
				CLANG_WARN_BLOCK_CAPTURE_AUTORELEASING = YES;
				CLANG_WARN_BOOL_CONVERSION = YES;
				CLANG_WARN_COMMA = YES;
				CLANG_WARN_CONSTANT_CONVERSION = YES;
				CLANG_WARN_DEPRECATED_OBJC_IMPLEMENTATIONS = YES;
				CLANG_WARN_DIRECT_OBJC_ISA_USAGE = YES_ERROR;
				CLANG_WARN_DOCUMENTATION_COMMENTS = YES;
				CLANG_WARN_EMPTY_BODY = YES;
				CLANG_WARN_ENUM_CONVERSION = YES;
				CLANG_WARN_INFINITE_RECURSION = YES;
				CLANG_WARN_INT_CONVERSION = YES;
				CLANG_WARN_NON_LITERAL_NULL_CONVERSION = YES;
				CLANG_WARN_OBJC_IMPLICIT_RETAIN_SELF = YES;
				CLANG_WARN_OBJC_LITERAL_CONVERSION = YES;
				CLANG_WARN_OBJC_ROOT_CLASS = YES_ERROR;
				CLANG_WARN_RANGE_LOOP_ANALYSIS = YES;
				CLANG_WARN_STRICT_PROTOTYPES = YES;
				CLANG_WARN_SUSPICIOUS_MOVE = YES;
				CLANG_WARN_UNGUARDED_AVAILABILITY = YES_AGGRESSIVE;
				CLANG_WARN_UNREACHABLE_CODE = YES;
				CLANG_WARN__DUPLICATE_METHOD_MATCH = YES;
				CODE_SIGN_IDENTITY = "iPhone Developer";
				COPY_PHASE_STRIP = NO;
				DEBUG_INFORMATION_FORMAT = "dwarf-with-dsym";
				ENABLE_NS_ASSERTIONS = NO;
				ENABLE_STRICT_OBJC_MSGSEND = YES;
				GCC_C_LANGUAGE_STANDARD = gnu11;
				GCC_NO_COMMON_BLOCKS = YES;
				GCC_WARN_64_TO_32_BIT_CONVERSION = YES;
				GCC_WARN_ABOUT_RETURN_TYPE = YES_ERROR;
				GCC_WARN_UNDECLARED_SELECTOR = YES;
				GCC_WARN_UNINITIALIZED_AUTOS = YES_AGGRESSIVE;
				GCC_WARN_UNUSED_FUNCTION = YES;
				GCC_WARN_UNUSED_VARIABLE = YES;
				IPHONEOS_DEPLOYMENT_TARGET = 12.1;
				MTL_ENABLE_DEBUG_INFO = NO;
				MTL_FAST_MATH = YES;
				SDKROOT = iphoneos;
				SWIFT_COMPILATION_MODE = wholemodule;
				SWIFT_OPTIMIZATION_LEVEL = "-O";
				VALIDATE_PRODUCT = YES;
			};
			name = Release;
		};
		0443965A22900114005654AD /* Debug */ = {
			isa = XCBuildConfiguration;
			buildSettings = {
				ASSETCATALOG_COMPILER_APPICON_NAME = AppIcon;
				CODE_SIGN_STYLE = Manual;
				DEVELOPMENT_TEAM = "";
				INFOPLIST_FILE = SwitcherKitDemo/Info.plist;
				IPHONEOS_DEPLOYMENT_TARGET = 9.0;
				LD_RUNPATH_SEARCH_PATHS = (
					"$(inherited)",
					"@executable_path/Frameworks",
				);
				PRODUCT_BUNDLE_IDENTIFIER = com.victormarcias.SwitcherKit;
				PRODUCT_NAME = "$(TARGET_NAME)";
				PROVISIONING_PROFILE_SPECIFIER = "";
				SWIFT_VERSION = 4.2;
				TARGETED_DEVICE_FAMILY = "1,2";
			};
			name = Debug;
		};
		0443965B22900114005654AD /* Release */ = {
			isa = XCBuildConfiguration;
			buildSettings = {
				ASSETCATALOG_COMPILER_APPICON_NAME = AppIcon;
				CODE_SIGN_STYLE = Manual;
				DEVELOPMENT_TEAM = "";
				INFOPLIST_FILE = SwitcherKitDemo/Info.plist;
				IPHONEOS_DEPLOYMENT_TARGET = 9.0;
				LD_RUNPATH_SEARCH_PATHS = (
					"$(inherited)",
					"@executable_path/Frameworks",
				);
				PRODUCT_BUNDLE_IDENTIFIER = com.victormarcias.SwitcherKit;
				PRODUCT_NAME = "$(TARGET_NAME)";
				PROVISIONING_PROFILE_SPECIFIER = "";
				SWIFT_VERSION = 4.2;
				TARGETED_DEVICE_FAMILY = "1,2";
			};
			name = Release;
		};
		0443965D22900114005654AD /* Debug */ = {
			isa = XCBuildConfiguration;
			buildSettings = {
				ALWAYS_EMBED_SWIFT_STANDARD_LIBRARIES = YES;
				BUNDLE_LOADER = "$(TEST_HOST)";
				CLANG_ENABLE_MODULES = YES;
				CODE_SIGN_STYLE = Automatic;
				INFOPLIST_FILE = SwitcherKitTests/Info.plist;
				LD_RUNPATH_SEARCH_PATHS = (
					"$(inherited)",
					"@executable_path/Frameworks",
					"@loader_path/Frameworks",
				);
				PRODUCT_BUNDLE_IDENTIFIER = com.victormarcias.SwitcherKitTests;
				PRODUCT_NAME = "$(TARGET_NAME)";
				SWIFT_OPTIMIZATION_LEVEL = "-Onone";
				SWIFT_VERSION = 4.2;
				TARGETED_DEVICE_FAMILY = "1,2";
				TEST_HOST = "$(BUILT_PRODUCTS_DIR)/SwitcherKit.app/SwitcherKit";
			};
			name = Debug;
		};
		0443965E22900114005654AD /* Release */ = {
			isa = XCBuildConfiguration;
			buildSettings = {
				ALWAYS_EMBED_SWIFT_STANDARD_LIBRARIES = YES;
				BUNDLE_LOADER = "$(TEST_HOST)";
				CLANG_ENABLE_MODULES = YES;
				CODE_SIGN_STYLE = Automatic;
				INFOPLIST_FILE = SwitcherKitTests/Info.plist;
				LD_RUNPATH_SEARCH_PATHS = (
					"$(inherited)",
					"@executable_path/Frameworks",
					"@loader_path/Frameworks",
				);
				PRODUCT_BUNDLE_IDENTIFIER = com.victormarcias.SwitcherKitTests;
				PRODUCT_NAME = "$(TARGET_NAME)";
				SWIFT_VERSION = 4.2;
				TARGETED_DEVICE_FAMILY = "1,2";
				TEST_HOST = "$(BUILT_PRODUCTS_DIR)/SwitcherKit.app/SwitcherKit";
			};
			name = Release;
		};
/* End XCBuildConfiguration section */

/* Begin XCConfigurationList section */
		0443963722900111005654AD /* Build configuration list for PBXProject "SwitcherKit" */ = {
			isa = XCConfigurationList;
			buildConfigurations = (
				0443965722900114005654AD /* Debug */,
				0443965822900114005654AD /* Release */,
			);
			defaultConfigurationIsVisible = 0;
			defaultConfigurationName = Release;
		};
		0443965922900114005654AD /* Build configuration list for PBXNativeTarget "SwitcherKit" */ = {
			isa = XCConfigurationList;
			buildConfigurations = (
				0443965A22900114005654AD /* Debug */,
				0443965B22900114005654AD /* Release */,
			);
			defaultConfigurationIsVisible = 0;
			defaultConfigurationName = Release;
		};
		0443965C22900114005654AD /* Build configuration list for PBXNativeTarget "SwitcherKitTests" */ = {
			isa = XCConfigurationList;
			buildConfigurations = (
				0443965D22900114005654AD /* Debug */,
				0443965E22900114005654AD /* Release */,
			);
			defaultConfigurationIsVisible = 0;
			defaultConfigurationName = Release;
		};
/* End XCConfigurationList section */
	};
	rootObject = 0443963422900111005654AD /* Project object */;
}
